
Microsoft Visual Studio Solution File, Format Version 12.00
# Visual Studio Version 16
VisualStudioVersion = 16.0.30804.86
MinimumVisualStudioVersion = 10.0.40219.1
Project("{FAE04EC0-301F-11D3-BF4B-00C04F79EFBC}") = "SantaCopa", "SantaCopa\SantaCopa.csproj", "{6DFED1FB-8184-44EB-A61B-84E36AEF464B}"
EndProject
Global
	GlobalSection(SolutionConfigurationPlatforms) = preSolution
		Debug|Any CPU = Debug|Any CPU
		Release|Any CPU = Release|Any CPU
	EndGlobalSection
	GlobalSection(ProjectConfigurationPlatforms) = postSolution
		{6DFED1FB-8184-44EB-A61B-84E36AEF464B}.Debug|Any CPU.ActiveCfg = Debug|Any CPU
		{6DFED1FB-8184-44EB-A61B-84E36AEF464B}.Debug|Any CPU.Build.0 = Debug|Any CPU
		{6DFED1FB-8184-44EB-A61B-84E36AEF464B}.Release|Any CPU.ActiveCfg = Release|Any CPU
		{6DFED1FB-8184-44EB-A61B-84E36AEF464B}.Release|Any CPU.Build.0 = Release|Any CPU
	EndGlobalSection
	GlobalSection(SolutionProperties) = preSolution
		HideSolutionNode = FALSE
	EndGlobalSection
	GlobalSection(ExtensibilityGlobals) = postSolution
		SolutionGuid = {38ED6DFA-E0D5-44D5-96CE-2D0BB607FFAD}
	EndGlobalSection
EndGlobal
